
Microsoft Visual Studio Solution File, Format Version 12.00
# Visual Studio Version 17
VisualStudioVersion = 17.4.33205.214
MinimumVisualStudioVersion = 10.0.40219.1
Project("{FAE04EC0-301F-11D3-BF4B-00C04F79EFBC}") = "Yang.Jiajia.RRCAGTests", "Yang.Jiajia.RRCAGTests\Yang.Jiajia.RRCAGTests.csproj", "{5F99A34E-1861-4D2D-8EE6-6D644901CE94}"
EndProject
Global
	GlobalSection(SolutionConfigurationPlatforms) = preSolution
		Debug|Any CPU = Debug|Any CPU
		Release|Any CPU = Release|Any CPU
	EndGlobalSection
	GlobalSection(ProjectConfigurationPlatforms) = postSolution
		{5F99A34E-1861-4D2D-8EE6-6D644901CE94}.Debug|Any CPU.ActiveCfg = Debug|Any CPU
		{5F99A34E-1861-4D2D-8EE6-6D644901CE94}.Debug|Any CPU.Build.0 = Debug|Any CPU
		{5F99A34E-1861-4D2D-8EE6-6D644901CE94}.Release|Any CPU.ActiveCfg = Release|Any CPU
		{5F99A34E-1861-4D2D-8EE6-6D644901CE94}.Release|Any CPU.Build.0 = Release|Any CPU
	EndGlobalSection
	GlobalSection(SolutionProperties) = preSolution
		HideSolutionNode = FALSE
	EndGlobalSection
	GlobalSection(ExtensibilityGlobals) = postSolution
		SolutionGuid = {3C11CE7C-0A07-44CB-A8CC-CD3EF1AB0476}
	EndGlobalSection
EndGlobal
